{
    "version": 3,
    "terraform_version": "0.10.3",
    "serial": 9,
    "lineage": "78227638-f6cb-45a0-a42f-af97a92854b5",
    "modules": [
        {
            "path": [
                "root"
            ],
            "outputs": {
                "consul_client_sg_id": {
                    "sensitive": false,
                    "type": "string",
                    "value": "sg-a3e2e5d1"
                }
            },
            "resources": {
                "aws_vpc.main": {
                    "type": "aws_vpc",
                    "depends_on": [],
                    "primary": {
                        "id": "vpc-74af1f0c",
                        "attributes": {
                            "assign_generated_ipv6_cidr_block": "false",
                            "cidr_block": "10.139.0.0/16",
                            "default_network_acl_id": "acl-f87b4d80",
                            "default_route_table_id": "rtb-4c5e0f36",
                            "default_security_group_id": "sg-9bded9e9",
                            "dhcp_options_id": "dopt-018a6667",
                            "enable_classiclink": "false",
                            "enable_classiclink_dns_support": "false",
                            "enable_dns_hostnames": "true",
                            "enable_dns_support": "true",
                            "id": "vpc-74af1f0c",
                            "instance_tenancy": "default",
                            "main_route_table_id": "rtb-4c5e0f36",
                            "tags.%": "1",
                            "tags.Name": "consul-client-ports-aws"
                        },
                        "meta": {
                            "schema_version": "1"
                        },
                        "tainted": false
                    },
                    "deposed": [],
                    "provider": ""
                }
            },
            "depends_on": []
        },
        {
            "path": [
                "root",
                "consul_client_ports_aws"
            ],
            "outputs": {
                "consul_client_sg_id": {
                    "sensitive": false,
                    "type": "string",
                    "value": "sg-a3e2e5d1"
                }
            },
            "resources": {
                "aws_security_group.consul_client": {
                    "type": "aws_security_group",
                    "depends_on": [],
                    "primary": {
                        "id": "sg-a3e2e5d1",
                        "attributes": {
                            "description": "Security Group for Consul instances",
                            "egress.#": "0",
                            "id": "sg-a3e2e5d1",
                            "ingress.#": "0",
                            "name": "consul-client-ports-aws",
                            "owner_id": "362381645759",
                            "tags.%": "1",
                            "tags.Name": "consul-client-ports-aws",
                            "vpc_id": "vpc-74af1f0c"
                        },
                        "meta": {},
                        "tainted": false
                    },
                    "deposed": [],
                    "provider": ""
                },
                "aws_security_group_rule.cli_rpc_tcp": {
                    "type": "aws_security_group_rule",
                    "depends_on": [
                        "aws_security_group.consul_client"
                    ],
                    "primary": {
                        "id": "sgrule-4034599555",
                        "attributes": {
                            "cidr_blocks.#": "1",
                            "cidr_blocks.0": "10.139.0.0/16",
                            "from_port": "8400",
                            "id": "sgrule-4034599555",
                            "protocol": "tcp",
                            "security_group_id": "sg-a3e2e5d1",
                            "self": "false",
                            "to_port": "8400",
                            "type": "ingress"
                        },
                        "meta": {
                            "schema_version": "2"
                        },
                        "tainted": false
                    },
                    "deposed": [],
                    "provider": ""
                },
                "aws_security_group_rule.dns_interface_tcp": {
                    "type": "aws_security_group_rule",
                    "depends_on": [
                        "aws_security_group.consul_client"
                    ],
                    "primary": {
                        "id": "sgrule-3438802242",
                        "attributes": {
                            "cidr_blocks.#": "1",
                            "cidr_blocks.0": "10.139.0.0/16",
                            "from_port": "8600",
                            "id": "sgrule-3438802242",
                            "protocol": "tcp",
                            "security_group_id": "sg-a3e2e5d1",
                            "self": "false",
                            "to_port": "8600",
                            "type": "ingress"
                        },
                        "meta": {
                            "schema_version": "2"
                        },
                        "tainted": false
                    },
                    "deposed": [],
                    "provider": ""
                },
                "aws_security_group_rule.dns_interface_udp": {
                    "type": "aws_security_group_rule",
                    "depends_on": [
                        "aws_security_group.consul_client"
                    ],
                    "primary": {
                        "id": "sgrule-3854217085",
                        "attributes": {
                            "cidr_blocks.#": "1",
                            "cidr_blocks.0": "10.139.0.0/16",
                            "from_port": "8600",
                            "id": "sgrule-3854217085",
                            "protocol": "udp",
                            "security_group_id": "sg-a3e2e5d1",
                            "self": "false",
                            "to_port": "8600",
                            "type": "ingress"
                        },
                        "meta": {
                            "schema_version": "2"
                        },
                        "tainted": false
                    },
                    "deposed": [],
                    "provider": ""
                },
                "aws_security_group_rule.http_api_tcp": {
                    "type": "aws_security_group_rule",
                    "depends_on": [
                        "aws_security_group.consul_client"
                    ],
                    "primary": {
                        "id": "sgrule-59108931",
                        "attributes": {
                            "cidr_blocks.#": "1",
                            "cidr_blocks.0": "10.139.0.0/16",
                            "from_port": "8500",
                            "id": "sgrule-59108931",
                            "protocol": "tcp",
                            "security_group_id": "sg-a3e2e5d1",
                            "self": "false",
                            "to_port": "8500",
                            "type": "ingress"
                        },
                        "meta": {
                            "schema_version": "2"
                        },
                        "tainted": false
                    },
                    "deposed": [],
                    "provider": ""
                },
                "aws_security_group_rule.outbound_tcp": {
                    "type": "aws_security_group_rule",
                    "depends_on": [
                        "aws_security_group.consul_client"
                    ],
                    "primary": {
                        "id": "sgrule-3584556722",
                        "attributes": {
                            "cidr_blocks.#": "1",
                            "cidr_blocks.0": "0.0.0.0/0",
                            "from_port": "0",
                            "id": "sgrule-3584556722",
                            "protocol": "tcp",
                            "security_group_id": "sg-a3e2e5d1",
                            "self": "false",
                            "to_port": "65535",
                            "type": "egress"
                        },
                        "meta": {
                            "schema_version": "2"
                        },
                        "tainted": false
                    },
                    "deposed": [],
                    "provider": ""
                },
                "aws_security_group_rule.outbound_udp": {
                    "type": "aws_security_group_rule",
                    "depends_on": [
                        "aws_security_group.consul_client"
                    ],
                    "primary": {
                        "id": "sgrule-2872695743",
                        "attributes": {
                            "cidr_blocks.#": "1",
                            "cidr_blocks.0": "0.0.0.0/0",
                            "from_port": "0",
                            "id": "sgrule-2872695743",
                            "protocol": "udp",
                            "security_group_id": "sg-a3e2e5d1",
                            "self": "false",
                            "to_port": "65535",
                            "type": "egress"
                        },
                        "meta": {
                            "schema_version": "2"
                        },
                        "tainted": false
                    },
                    "deposed": [],
                    "provider": ""
                },
                "aws_security_group_rule.serf_lan_tcp": {
                    "type": "aws_security_group_rule",
                    "depends_on": [
                        "aws_security_group.consul_client"
                    ],
                    "primary": {
                        "id": "sgrule-1901573102",
                        "attributes": {
                            "cidr_blocks.#": "1",
                            "cidr_blocks.0": "10.139.0.0/16",
                            "from_port": "8301",
                            "id": "sgrule-1901573102",
                            "protocol": "tcp",
                            "security_group_id": "sg-a3e2e5d1",
                            "self": "false",
                            "to_port": "8301",
                            "type": "ingress"
                        },
                        "meta": {
                            "schema_version": "2"
                        },
                        "tainted": false
                    },
                    "deposed": [],
                    "provider": ""
                },
                "aws_security_group_rule.serf_lan_udp": {
                    "type": "aws_security_group_rule",
                    "depends_on": [
                        "aws_security_group.consul_client"
                    ],
                    "primary": {
                        "id": "sgrule-1478158801",
                        "attributes": {
                            "cidr_blocks.#": "1",
                            "cidr_blocks.0": "10.139.0.0/16",
                            "from_port": "8301",
                            "id": "sgrule-1478158801",
                            "protocol": "udp",
                            "security_group_id": "sg-a3e2e5d1",
                            "self": "false",
                            "to_port": "8301",
                            "type": "ingress"
                        },
                        "meta": {
                            "schema_version": "2"
                        },
                        "tainted": false
                    },
                    "deposed": [],
                    "provider": ""
                }
            },
            "depends_on": []
        }
    ]
}
