{
    "version": 3,
    "terraform_version": "0.10.3",
    "serial": 7,
    "lineage": "78227638-f6cb-45a0-a42f-af97a92854b5",
    "modules": [
        {
            "path": [
                "root"
            ],
            "outputs": {
                "consul_client_sg_id": {
                    "sensitive": false,
                    "type": "string",
                    "value": "sg-22026c50"
                },
                "environment": {
                    "sensitive": false,
                    "type": "string",
                    "value": "consul-client-ports-aws-simple"
                }
            },
            "resources": {
                "aws_vpc.main": {
                    "type": "aws_vpc",
                    "depends_on": [],
                    "primary": {
                        "id": "vpc-2ac31e52",
                        "attributes": {
                            "assign_generated_ipv6_cidr_block": "false",
                            "cidr_block": "10.139.0.0/16",
                            "default_network_acl_id": "acl-b03066c8",
                            "default_route_table_id": "rtb-9096f0ea",
                            "default_security_group_id": "sg-12086c60",
                            "dhcp_options_id": "dopt-018a6667",
                            "enable_classiclink": "false",
                            "enable_classiclink_dns_support": "false",
                            "enable_dns_hostnames": "true",
                            "enable_dns_support": "true",
                            "id": "vpc-2ac31e52",
                            "instance_tenancy": "default",
                            "main_route_table_id": "rtb-9096f0ea",
                            "tags.%": "1",
                            "tags.Name": "consul-client-ports-aws-simple"
                        },
                        "meta": {
                            "schema_version": "1"
                        },
                        "tainted": false
                    },
                    "deposed": [],
                    "provider": ""
                }
            },
            "depends_on": []
        },
        {
            "path": [
                "root",
                "consul_client_ports_aws"
            ],
            "outputs": {
                "consul_client_sg_id": {
                    "sensitive": false,
                    "type": "string",
                    "value": "sg-22026c50"
                }
            },
            "resources": {
                "aws_security_group.consul_client": {
                    "type": "aws_security_group",
                    "depends_on": [],
                    "primary": {
                        "id": "sg-22026c50",
                        "attributes": {
                            "description": "Security Group for Consul instances",
                            "egress.#": "0",
                            "id": "sg-22026c50",
                            "ingress.#": "0",
                            "name": "consul-client-ports-aws-simple",
                            "owner_id": "362381645759",
                            "tags.%": "1",
                            "tags.Name": "consul-client-ports-aws-simple",
                            "vpc_id": "vpc-2ac31e52"
                        },
                        "meta": {},
                        "tainted": false
                    },
                    "deposed": [],
                    "provider": ""
                },
                "aws_security_group_rule.cli_rpc_tcp": {
                    "type": "aws_security_group_rule",
                    "depends_on": [
                        "aws_security_group.consul_client"
                    ],
                    "primary": {
                        "id": "sgrule-656682099",
                        "attributes": {
                            "cidr_blocks.#": "1",
                            "cidr_blocks.0": "10.139.0.0/16",
                            "from_port": "8400",
                            "id": "sgrule-656682099",
                            "protocol": "tcp",
                            "security_group_id": "sg-22026c50",
                            "self": "false",
                            "to_port": "8400",
                            "type": "ingress"
                        },
                        "meta": {
                            "schema_version": "2"
                        },
                        "tainted": false
                    },
                    "deposed": [],
                    "provider": ""
                },
                "aws_security_group_rule.dns_interface_tcp": {
                    "type": "aws_security_group_rule",
                    "depends_on": [
                        "aws_security_group.consul_client"
                    ],
                    "primary": {
                        "id": "sgrule-464044978",
                        "attributes": {
                            "cidr_blocks.#": "1",
                            "cidr_blocks.0": "10.139.0.0/16",
                            "from_port": "8600",
                            "id": "sgrule-464044978",
                            "protocol": "tcp",
                            "security_group_id": "sg-22026c50",
                            "self": "false",
                            "to_port": "8600",
                            "type": "ingress"
                        },
                        "meta": {
                            "schema_version": "2"
                        },
                        "tainted": false
                    },
                    "deposed": [],
                    "provider": ""
                },
                "aws_security_group_rule.dns_interface_udp": {
                    "type": "aws_security_group_rule",
                    "depends_on": [
                        "aws_security_group.consul_client"
                    ],
                    "primary": {
                        "id": "sgrule-853907853",
                        "attributes": {
                            "cidr_blocks.#": "1",
                            "cidr_blocks.0": "10.139.0.0/16",
                            "from_port": "8600",
                            "id": "sgrule-853907853",
                            "protocol": "udp",
                            "security_group_id": "sg-22026c50",
                            "self": "false",
                            "to_port": "8600",
                            "type": "ingress"
                        },
                        "meta": {
                            "schema_version": "2"
                        },
                        "tainted": false
                    },
                    "deposed": [],
                    "provider": ""
                },
                "aws_security_group_rule.http_api_tcp": {
                    "type": "aws_security_group_rule",
                    "depends_on": [
                        "aws_security_group.consul_client"
                    ],
                    "primary": {
                        "id": "sgrule-3571112115",
                        "attributes": {
                            "cidr_blocks.#": "1",
                            "cidr_blocks.0": "10.139.0.0/16",
                            "from_port": "8500",
                            "id": "sgrule-3571112115",
                            "protocol": "tcp",
                            "security_group_id": "sg-22026c50",
                            "self": "false",
                            "to_port": "8500",
                            "type": "ingress"
                        },
                        "meta": {
                            "schema_version": "2"
                        },
                        "tainted": false
                    },
                    "deposed": [],
                    "provider": ""
                },
                "aws_security_group_rule.outbound_tcp": {
                    "type": "aws_security_group_rule",
                    "depends_on": [
                        "aws_security_group.consul_client"
                    ],
                    "primary": {
                        "id": "sgrule-4173722954",
                        "attributes": {
                            "cidr_blocks.#": "1",
                            "cidr_blocks.0": "0.0.0.0/0",
                            "from_port": "0",
                            "id": "sgrule-4173722954",
                            "protocol": "tcp",
                            "security_group_id": "sg-22026c50",
                            "self": "false",
                            "to_port": "65535",
                            "type": "egress"
                        },
                        "meta": {
                            "schema_version": "2"
                        },
                        "tainted": false
                    },
                    "deposed": [],
                    "provider": ""
                },
                "aws_security_group_rule.outbound_udp": {
                    "type": "aws_security_group_rule",
                    "depends_on": [
                        "aws_security_group.consul_client"
                    ],
                    "primary": {
                        "id": "sgrule-2254164039",
                        "attributes": {
                            "cidr_blocks.#": "1",
                            "cidr_blocks.0": "0.0.0.0/0",
                            "from_port": "0",
                            "id": "sgrule-2254164039",
                            "protocol": "udp",
                            "security_group_id": "sg-22026c50",
                            "self": "false",
                            "to_port": "65535",
                            "type": "egress"
                        },
                        "meta": {
                            "schema_version": "2"
                        },
                        "tainted": false
                    },
                    "deposed": [],
                    "provider": ""
                },
                "aws_security_group_rule.serf_lan_tcp": {
                    "type": "aws_security_group_rule",
                    "depends_on": [
                        "aws_security_group.consul_client"
                    ],
                    "primary": {
                        "id": "sgrule-2785576222",
                        "attributes": {
                            "cidr_blocks.#": "1",
                            "cidr_blocks.0": "10.139.0.0/16",
                            "from_port": "8301",
                            "id": "sgrule-2785576222",
                            "protocol": "tcp",
                            "security_group_id": "sg-22026c50",
                            "self": "false",
                            "to_port": "8301",
                            "type": "ingress"
                        },
                        "meta": {
                            "schema_version": "2"
                        },
                        "tainted": false
                    },
                    "deposed": [],
                    "provider": ""
                },
                "aws_security_group_rule.serf_lan_udp": {
                    "type": "aws_security_group_rule",
                    "depends_on": [
                        "aws_security_group.consul_client"
                    ],
                    "primary": {
                        "id": "sgrule-2403720993",
                        "attributes": {
                            "cidr_blocks.#": "1",
                            "cidr_blocks.0": "10.139.0.0/16",
                            "from_port": "8301",
                            "id": "sgrule-2403720993",
                            "protocol": "udp",
                            "security_group_id": "sg-22026c50",
                            "self": "false",
                            "to_port": "8301",
                            "type": "ingress"
                        },
                        "meta": {
                            "schema_version": "2"
                        },
                        "tainted": false
                    },
                    "deposed": [],
                    "provider": ""
                }
            },
            "depends_on": []
        }
    ]
}
