{
    "version": 3,
    "terraform_version": "0.10.3",
    "serial": 13,
    "lineage": "e9a20d57-cd33-44e8-85d7-329735db25b3",
    "modules": [
        {
            "path": [
                "root"
            ],
            "outputs": {
                "consul_client_sg_id": {
                    "sensitive": false,
                    "type": "string",
                    "value": "sg-66e5e214"
                }
            },
            "resources": {
                "aws_vpc.main": {
                    "type": "aws_vpc",
                    "depends_on": [],
                    "primary": {
                        "id": "vpc-b2aa1aca",
                        "attributes": {
                            "assign_generated_ipv6_cidr_block": "false",
                            "cidr_block": "172.19.0.0/16",
                            "default_network_acl_id": "acl-047e487c",
                            "default_route_table_id": "rtb-ce5c0db4",
                            "default_security_group_id": "sg-efd9de9d",
                            "dhcp_options_id": "dopt-018a6667",
                            "enable_classiclink": "false",
                            "enable_classiclink_dns_support": "false",
                            "enable_dns_hostnames": "true",
                            "enable_dns_support": "true",
                            "id": "vpc-b2aa1aca",
                            "instance_tenancy": "default",
                            "main_route_table_id": "rtb-ce5c0db4",
                            "tags.%": "1",
                            "tags.Name": "consul-client-ports-aws-advanced"
                        },
                        "meta": {
                            "schema_version": "1"
                        },
                        "tainted": false
                    },
                    "deposed": [],
                    "provider": ""
                }
            },
            "depends_on": []
        },
        {
            "path": [
                "root",
                "consul_client_ports_aws"
            ],
            "outputs": {
                "consul_client_sg_id": {
                    "sensitive": false,
                    "type": "string",
                    "value": "sg-66e5e214"
                }
            },
            "resources": {
                "aws_security_group.consul_client": {
                    "type": "aws_security_group",
                    "depends_on": [],
                    "primary": {
                        "id": "sg-66e5e214",
                        "attributes": {
                            "description": "Security Group for Consul instances",
                            "egress.#": "0",
                            "id": "sg-66e5e214",
                            "ingress.#": "0",
                            "name": "consul-client-ports-aws-advanced",
                            "owner_id": "362381645759",
                            "tags.%": "1",
                            "tags.Name": "consul-client-ports-aws-advanced",
                            "vpc_id": "vpc-b2aa1aca"
                        },
                        "meta": {},
                        "tainted": false
                    },
                    "deposed": [],
                    "provider": ""
                },
                "aws_security_group_rule.cli_rpc_tcp": {
                    "type": "aws_security_group_rule",
                    "depends_on": [
                        "aws_security_group.consul_client"
                    ],
                    "primary": {
                        "id": "sgrule-3325811576",
                        "attributes": {
                            "cidr_blocks.#": "3",
                            "cidr_blocks.0": "172.19.0.0/20",
                            "cidr_blocks.1": "172.19.16.0/20",
                            "cidr_blocks.2": "172.19.32.0/20",
                            "from_port": "8400",
                            "id": "sgrule-3325811576",
                            "protocol": "tcp",
                            "security_group_id": "sg-66e5e214",
                            "self": "false",
                            "to_port": "8400",
                            "type": "ingress"
                        },
                        "meta": {
                            "schema_version": "2"
                        },
                        "tainted": false
                    },
                    "deposed": [],
                    "provider": ""
                },
                "aws_security_group_rule.dns_interface_tcp": {
                    "type": "aws_security_group_rule",
                    "depends_on": [
                        "aws_security_group.consul_client"
                    ],
                    "primary": {
                        "id": "sgrule-1380475818",
                        "attributes": {
                            "cidr_blocks.#": "3",
                            "cidr_blocks.0": "172.19.0.0/20",
                            "cidr_blocks.1": "172.19.16.0/20",
                            "cidr_blocks.2": "172.19.32.0/20",
                            "from_port": "8600",
                            "id": "sgrule-1380475818",
                            "protocol": "tcp",
                            "security_group_id": "sg-66e5e214",
                            "self": "false",
                            "to_port": "8600",
                            "type": "ingress"
                        },
                        "meta": {
                            "schema_version": "2"
                        },
                        "tainted": false
                    },
                    "deposed": [],
                    "provider": ""
                },
                "aws_security_group_rule.dns_interface_udp": {
                    "type": "aws_security_group_rule",
                    "depends_on": [
                        "aws_security_group.consul_client"
                    ],
                    "primary": {
                        "id": "sgrule-2715248909",
                        "attributes": {
                            "cidr_blocks.#": "3",
                            "cidr_blocks.0": "172.19.0.0/20",
                            "cidr_blocks.1": "172.19.16.0/20",
                            "cidr_blocks.2": "172.19.32.0/20",
                            "from_port": "8600",
                            "id": "sgrule-2715248909",
                            "protocol": "udp",
                            "security_group_id": "sg-66e5e214",
                            "self": "false",
                            "to_port": "8600",
                            "type": "ingress"
                        },
                        "meta": {
                            "schema_version": "2"
                        },
                        "tainted": false
                    },
                    "deposed": [],
                    "provider": ""
                },
                "aws_security_group_rule.http_api_tcp": {
                    "type": "aws_security_group_rule",
                    "depends_on": [
                        "aws_security_group.consul_client"
                    ],
                    "primary": {
                        "id": "sgrule-2348943121",
                        "attributes": {
                            "cidr_blocks.#": "3",
                            "cidr_blocks.0": "172.19.0.0/20",
                            "cidr_blocks.1": "172.19.16.0/20",
                            "cidr_blocks.2": "172.19.32.0/20",
                            "from_port": "8500",
                            "id": "sgrule-2348943121",
                            "protocol": "tcp",
                            "security_group_id": "sg-66e5e214",
                            "self": "false",
                            "to_port": "8500",
                            "type": "ingress"
                        },
                        "meta": {
                            "schema_version": "2"
                        },
                        "tainted": false
                    },
                    "deposed": [],
                    "provider": ""
                },
                "aws_security_group_rule.outbound_tcp": {
                    "type": "aws_security_group_rule",
                    "depends_on": [
                        "aws_security_group.consul_client"
                    ],
                    "primary": {
                        "id": "sgrule-628623463",
                        "attributes": {
                            "cidr_blocks.#": "1",
                            "cidr_blocks.0": "0.0.0.0/0",
                            "from_port": "0",
                            "id": "sgrule-628623463",
                            "protocol": "tcp",
                            "security_group_id": "sg-66e5e214",
                            "self": "false",
                            "to_port": "65535",
                            "type": "egress"
                        },
                        "meta": {
                            "schema_version": "2"
                        },
                        "tainted": false
                    },
                    "deposed": [],
                    "provider": ""
                },
                "aws_security_group_rule.outbound_udp": {
                    "type": "aws_security_group_rule",
                    "depends_on": [
                        "aws_security_group.consul_client"
                    ],
                    "primary": {
                        "id": "sgrule-1541811562",
                        "attributes": {
                            "cidr_blocks.#": "1",
                            "cidr_blocks.0": "0.0.0.0/0",
                            "from_port": "0",
                            "id": "sgrule-1541811562",
                            "protocol": "udp",
                            "security_group_id": "sg-66e5e214",
                            "self": "false",
                            "to_port": "65535",
                            "type": "egress"
                        },
                        "meta": {
                            "schema_version": "2"
                        },
                        "tainted": false
                    },
                    "deposed": [],
                    "provider": ""
                },
                "aws_security_group_rule.serf_lan_tcp": {
                    "type": "aws_security_group_rule",
                    "depends_on": [
                        "aws_security_group.consul_client"
                    ],
                    "primary": {
                        "id": "sgrule-4052987241",
                        "attributes": {
                            "cidr_blocks.#": "3",
                            "cidr_blocks.0": "172.19.0.0/20",
                            "cidr_blocks.1": "172.19.16.0/20",
                            "cidr_blocks.2": "172.19.32.0/20",
                            "from_port": "8301",
                            "id": "sgrule-4052987241",
                            "protocol": "tcp",
                            "security_group_id": "sg-66e5e214",
                            "self": "false",
                            "to_port": "8301",
                            "type": "ingress"
                        },
                        "meta": {
                            "schema_version": "2"
                        },
                        "tainted": false
                    },
                    "deposed": [],
                    "provider": ""
                },
                "aws_security_group_rule.serf_lan_udp": {
                    "type": "aws_security_group_rule",
                    "depends_on": [
                        "aws_security_group.consul_client"
                    ],
                    "primary": {
                        "id": "sgrule-34383822",
                        "attributes": {
                            "cidr_blocks.#": "3",
                            "cidr_blocks.0": "172.19.0.0/20",
                            "cidr_blocks.1": "172.19.16.0/20",
                            "cidr_blocks.2": "172.19.32.0/20",
                            "from_port": "8301",
                            "id": "sgrule-34383822",
                            "protocol": "udp",
                            "security_group_id": "sg-66e5e214",
                            "self": "false",
                            "to_port": "8301",
                            "type": "ingress"
                        },
                        "meta": {
                            "schema_version": "2"
                        },
                        "tainted": false
                    },
                    "deposed": [],
                    "provider": ""
                }
            },
            "depends_on": []
        }
    ]
}
